
Microsoft Visual Studio Solution File, Format Version 12.00
# Visual Studio Version 17
VisualStudioVersion = 17.0.31919.166
MinimumVisualStudioVersion = 10.0.40219.1
Project("{FAE04EC0-301F-11D3-BF4B-00C04F79EFBC}") = "day11", "day11\day11.csproj", "{B7A4CFA7-28DF-406B-8F76-D9C4C2D20DB4}"
EndProject
Global
	GlobalSection(SolutionConfigurationPlatforms) = preSolution
		Debug|Any CPU = Debug|Any CPU
		Release|Any CPU = Release|Any CPU
	EndGlobalSection
	GlobalSection(ProjectConfigurationPlatforms) = postSolution
		{B7A4CFA7-28DF-406B-8F76-D9C4C2D20DB4}.Debug|Any CPU.ActiveCfg = Debug|Any CPU
		{B7A4CFA7-28DF-406B-8F76-D9C4C2D20DB4}.Debug|Any CPU.Build.0 = Debug|Any CPU
		{B7A4CFA7-28DF-406B-8F76-D9C4C2D20DB4}.Release|Any CPU.ActiveCfg = Release|Any CPU
		{B7A4CFA7-28DF-406B-8F76-D9C4C2D20DB4}.Release|Any CPU.Build.0 = Release|Any CPU
	EndGlobalSection
	GlobalSection(SolutionProperties) = preSolution
		HideSolutionNode = FALSE
	EndGlobalSection
	GlobalSection(ExtensibilityGlobals) = postSolution
		SolutionGuid = {316D2DA9-F632-44E7-8919-554ED657919C}
	EndGlobalSection
EndGlobal
