
Microsoft Visual Studio Solution File, Format Version 12.00
# Visual Studio Version 17
VisualStudioVersion = 17.0.31919.166
MinimumVisualStudioVersion = 10.0.40219.1
Project("{FAE04EC0-301F-11D3-BF4B-00C04F79EFBC}") = "day24", "day24\day24.csproj", "{9578F8F8-5676-407E-80C8-2083293CA90C}"
EndProject
Global
	GlobalSection(SolutionConfigurationPlatforms) = preSolution
		Debug|Any CPU = Debug|Any CPU
		Release|Any CPU = Release|Any CPU
	EndGlobalSection
	GlobalSection(ProjectConfigurationPlatforms) = postSolution
		{9578F8F8-5676-407E-80C8-2083293CA90C}.Debug|Any CPU.ActiveCfg = Debug|Any CPU
		{9578F8F8-5676-407E-80C8-2083293CA90C}.Debug|Any CPU.Build.0 = Debug|Any CPU
		{9578F8F8-5676-407E-80C8-2083293CA90C}.Release|Any CPU.ActiveCfg = Release|Any CPU
		{9578F8F8-5676-407E-80C8-2083293CA90C}.Release|Any CPU.Build.0 = Release|Any CPU
	EndGlobalSection
	GlobalSection(SolutionProperties) = preSolution
		HideSolutionNode = FALSE
	EndGlobalSection
	GlobalSection(ExtensibilityGlobals) = postSolution
		SolutionGuid = {687585E3-2141-4241-87AD-231B02F1088C}
	EndGlobalSection
EndGlobal
