
Microsoft Visual Studio Solution File, Format Version 12.00
# Visual Studio Version 17
VisualStudioVersion = 17.0.31919.166
MinimumVisualStudioVersion = 10.0.40219.1
Project("{FAE04EC0-301F-11D3-BF4B-00C04F79EFBC}") = "day25", "day25\day25.csproj", "{C4AA3ECD-14E5-4C98-8A22-6C7C27E03699}"
EndProject
Global
	GlobalSection(SolutionConfigurationPlatforms) = preSolution
		Debug|Any CPU = Debug|Any CPU
		Release|Any CPU = Release|Any CPU
	EndGlobalSection
	GlobalSection(ProjectConfigurationPlatforms) = postSolution
		{C4AA3ECD-14E5-4C98-8A22-6C7C27E03699}.Debug|Any CPU.ActiveCfg = Debug|Any CPU
		{C4AA3ECD-14E5-4C98-8A22-6C7C27E03699}.Debug|Any CPU.Build.0 = Debug|Any CPU
		{C4AA3ECD-14E5-4C98-8A22-6C7C27E03699}.Release|Any CPU.ActiveCfg = Release|Any CPU
		{C4AA3ECD-14E5-4C98-8A22-6C7C27E03699}.Release|Any CPU.Build.0 = Release|Any CPU
	EndGlobalSection
	GlobalSection(SolutionProperties) = preSolution
		HideSolutionNode = FALSE
	EndGlobalSection
	GlobalSection(ExtensibilityGlobals) = postSolution
		SolutionGuid = {C3B034B4-0248-4FF5-B5B2-5EB8D14BCAD2}
	EndGlobalSection
EndGlobal
